
Microsoft Visual Studio Solution File, Format Version 12.00
# Visual Studio Version 17
VisualStudioVersion = 17.14.36804.6 d17.14
MinimumVisualStudioVersion = 10.0.40219.1
Project("{FAE04EC0-301F-11D3-BF4B-00C04F79EFBC}") = "software_API", "software_API.csproj", "{B38D66FF-D651-4959-8334-706E01014E7C}"
EndProject
Global
	GlobalSection(SolutionConfigurationPlatforms) = preSolution
		Debug|Any CPU = Debug|Any CPU
		Release|Any CPU = Release|Any CPU
	EndGlobalSection
	GlobalSection(ProjectConfigurationPlatforms) = postSolution
		{B38D66FF-D651-4959-8334-706E01014E7C}.Debug|Any CPU.ActiveCfg = Debug|Any CPU
		{B38D66FF-D651-4959-8334-706E01014E7C}.Debug|Any CPU.Build.0 = Debug|Any CPU
		{B38D66FF-D651-4959-8334-706E01014E7C}.Release|Any CPU.ActiveCfg = Release|Any CPU
		{B38D66FF-D651-4959-8334-706E01014E7C}.Release|Any CPU.Build.0 = Release|Any CPU
	EndGlobalSection
	GlobalSection(SolutionProperties) = preSolution
		HideSolutionNode = FALSE
	EndGlobalSection
	GlobalSection(ExtensibilityGlobals) = postSolution
		SolutionGuid = {B6070D5F-B3FE-411F-9E8D-9253F2E26FEE}
	EndGlobalSection
EndGlobal
